
Microsoft Visual Studio Solution File, Format Version 12.00
# Visual Studio Version 17
VisualStudioVersion = 17.2.32516.85
MinimumVisualStudioVersion = 10.0.40219.1
Project("{8BC9CEB8-8B4A-11D0-8D11-00A0C91BC942}") = "Parcial 2 IP Problema 2", "Parcial 2 IP Problema 2\Parcial 2 IP Problema 2.vcxproj", "{4F4FD279-F1A8-4838-AEF7-261E77B583D5}"
EndProject
Global
	GlobalSection(SolutionConfigurationPlatforms) = preSolution
		Debug|x64 = Debug|x64
		Debug|x86 = Debug|x86
		Release|x64 = Release|x64
		Release|x86 = Release|x86
	EndGlobalSection
	GlobalSection(ProjectConfigurationPlatforms) = postSolution
		{4F4FD279-F1A8-4838-AEF7-261E77B583D5}.Debug|x64.ActiveCfg = Debug|x64
		{4F4FD279-F1A8-4838-AEF7-261E77B583D5}.Debug|x64.Build.0 = Debug|x64
		{4F4FD279-F1A8-4838-AEF7-261E77B583D5}.Debug|x86.ActiveCfg = Debug|Win32
		{4F4FD279-F1A8-4838-AEF7-261E77B583D5}.Debug|x86.Build.0 = Debug|Win32
		{4F4FD279-F1A8-4838-AEF7-261E77B583D5}.Release|x64.ActiveCfg = Release|x64
		{4F4FD279-F1A8-4838-AEF7-261E77B583D5}.Release|x64.Build.0 = Release|x64
		{4F4FD279-F1A8-4838-AEF7-261E77B583D5}.Release|x86.ActiveCfg = Release|Win32
		{4F4FD279-F1A8-4838-AEF7-261E77B583D5}.Release|x86.Build.0 = Release|Win32
	EndGlobalSection
	GlobalSection(SolutionProperties) = preSolution
		HideSolutionNode = FALSE
	EndGlobalSection
	GlobalSection(ExtensibilityGlobals) = postSolution
		SolutionGuid = {A7A847DF-A93A-4843-81E2-F677BEBF3AA3}
	EndGlobalSection
EndGlobal
